
Microsoft Visual Studio Solution File, Format Version 12.00
# Visual Studio Version 17
VisualStudioVersion = 17.5.33530.505
MinimumVisualStudioVersion = 10.0.40219.1
Project("{FAE04EC0-301F-11D3-BF4B-00C04F79EFBC}") = "Simple-Calculator", "Simple-Calculator\Simple-Calculator.csproj", "{A7DF522A-BB38-42EF-92E8-CD77F4E9B262}"
EndProject
Global
	GlobalSection(SolutionConfigurationPlatforms) = preSolution
		Debug|Any CPU = Debug|Any CPU
		Release|Any CPU = Release|Any CPU
	EndGlobalSection
	GlobalSection(ProjectConfigurationPlatforms) = postSolution
		{A7DF522A-BB38-42EF-92E8-CD77F4E9B262}.Debug|Any CPU.ActiveCfg = Debug|Any CPU
		{A7DF522A-BB38-42EF-92E8-CD77F4E9B262}.Debug|Any CPU.Build.0 = Debug|Any CPU
		{A7DF522A-BB38-42EF-92E8-CD77F4E9B262}.Release|Any CPU.ActiveCfg = Release|Any CPU
		{A7DF522A-BB38-42EF-92E8-CD77F4E9B262}.Release|Any CPU.Build.0 = Release|Any CPU
	EndGlobalSection
	GlobalSection(SolutionProperties) = preSolution
		HideSolutionNode = FALSE
	EndGlobalSection
	GlobalSection(ExtensibilityGlobals) = postSolution
		SolutionGuid = {9538C25A-E925-407A-B548-782A259A1D04}
	EndGlobalSection
EndGlobal
